<?xml version="1.0" encoding="utf-8"?>
<Project ToolsVersion="4.0" xmlns="http://schemas.microsoft.com/developer/msbuild/2003">
  <ItemGroup>
    <Filter Include="Source Files">
      <UniqueIdentifier>{4FC737F1-C7A5-4376-A066-2A32D752A2FF}</UniqueIdentifier>
      <Extensions>cpp;c;cc;cxx;c++;cppm;ixx;def;odl;idl;hpj;bat;asm;asmx</Extensions>
    </Filter>
    <Filter Include="Header Files">
      <UniqueIdentifier>{93995380-89BD-4b04-88EB-625FBE52EBFB}</UniqueIdentifier>
      <Extensions>h;hh;hpp;hxx;h++;hm;inl;inc;ipp;xsd</Extensions>
    </Filter>
    <Filter Include="Resource Files">
      <UniqueIdentifier>{67DA6AB6-F800-4c08-8B7A-83BB121AAD01}</UniqueIdentifier>
      <Extensions>rc;ico;cur;bmp;dlg;rc2;rct;bin;rgs;gif;jpg;jpeg;jpe;resx;tiff;tif;png;wav;mfcribbon-ms</Extensions>
    </Filter>
    <Filter Include="Files">
      <UniqueIdentifier>{af8b57ad-b63a-4458-b1da-4344252f1f17}</UniqueIdentifier>
    </Filter>
    <Filter Include="Header Files\Models">
      <UniqueIdentifier>{ff8e0d19-6d71-49c7-bfa4-ce4bbdf85b06}</UniqueIdentifier>
    </Filter>
    <Filter Include="Header Files\Utilities">
      <UniqueIdentifier>{08bfebad-5d9f-42be-a6b9-cbbbc98aee71}</UniqueIdentifier>
    </Filter>
    <Filter Include="Source Files\Models">
      <UniqueIdentifier>{13217bd0-17c2-4d13-8da3-9c0d474e6353}</UniqueIdentifier>
    </Filter>
    <Filter Include="Source Files\Utilities">
      <UniqueIdentifier>{76143e64-c597-44ce-9dbe-0d49312b3bca}</UniqueIdentifier>
    </Filter>
    <Filter Include="Header Files\Core">
      <UniqueIdentifier>{7b2478df-eff4-4a96-bbfa-a7dcffae62ba}</UniqueIdentifier>
    </Filter>
    <Filter Include="Source Files\Core">
      <UniqueIdentifier>{2653395d-54cc-401e-b089-7f0ba7fa72be}</UniqueIdentifier>
    </Filter>
  </ItemGroup>
  <ItemGroup>
    <ClCompile Include="UniCourseManager.cpp">
      <Filter>Source Files</Filter>
    </ClCompile>
    <ClCompile Include="MyString.h">
      <Filter>Header Files\Utilities</Filter>
    </ClCompile>
    <ClCompile Include="MyVector.h">
      <Filter>Header Files\Utilities</Filter>
    </ClCompile>
    <ClCompile Include="Admin.cpp">
      <Filter>Source Files\Models</Filter>
    </ClCompile>
    <ClCompile Include="Message.cpp">
      <Filter>Source Files\Models</Filter>
    </ClCompile>
    <ClCompile Include="Student.cpp">
      <Filter>Source Files\Models</Filter>
    </ClCompile>
    <ClCompile Include="Teacher.cpp">
      <Filter>Source Files\Models</Filter>
    </ClCompile>
    <ClCompile Include="User.cpp">
      <Filter>Source Files\Models</Filter>
    </ClCompile>
    <ClCompile Include="MyString.cpp">
      <Filter>Source Files\Utilities</Filter>
    </ClCompile>
    <ClCompile Include="SystemFunctions.cpp">
      <Filter>Source Files\Core</Filter>
    </ClCompile>
  </ItemGroup>
  <ItemGroup>
    <ClInclude Include="courses.txt">
      <Filter>Files</Filter>
    </ClInclude>
    <ClInclude Include="Admin.h">
      <Filter>Header Files\Models</Filter>
    </ClInclude>
    <ClInclude Include="Message.h">
      <Filter>Header Files\Models</Filter>
    </ClInclude>
    <ClInclude Include="Teacher.h">
      <Filter>Header Files\Models</Filter>
    </ClInclude>
    <ClInclude Include="User.h">
      <Filter>Header Files\Models</Filter>
    </ClInclude>
    <ClInclude Include="Student.h">
      <Filter>Header Files\Models</Filter>
    </ClInclude>
    <ClInclude Include="SystemFunctions.h">
      <Filter>Header Files\Core</Filter>
    </ClInclude>
  </ItemGroup>
  <ItemGroup>
    <Text Include="users.txt">
      <Filter>Files</Filter>
    </Text>
    <Text Include="messages.txt">
      <Filter>Files</Filter>
    </Text>
  </ItemGroup>
</Project>